
Microsoft Visual Studio Solution File, Format Version 12.00
# Visual Studio Version 17
VisualStudioVersion = 17.10.34928.147
MinimumVisualStudioVersion = 10.0.40219.1
Project("{FAE04EC0-301F-11D3-BF4B-00C04F79EFBC}") = "CoffeeShopAPI", "CoffeeShopAPI.csproj", "{65E7E728-7D68-4284-830F-46A02D339F6F}"
EndProject
Global
	GlobalSection(SolutionConfigurationPlatforms) = preSolution
		Debug|Any CPU = Debug|Any CPU
		Release|Any CPU = Release|Any CPU
	EndGlobalSection
	GlobalSection(ProjectConfigurationPlatforms) = postSolution
		{65E7E728-7D68-4284-830F-46A02D339F6F}.Debug|Any CPU.ActiveCfg = Debug|Any CPU
		{65E7E728-7D68-4284-830F-46A02D339F6F}.Debug|Any CPU.Build.0 = Debug|Any CPU
		{65E7E728-7D68-4284-830F-46A02D339F6F}.Release|Any CPU.ActiveCfg = Release|Any CPU
		{65E7E728-7D68-4284-830F-46A02D339F6F}.Release|Any CPU.Build.0 = Release|Any CPU
	EndGlobalSection
	GlobalSection(SolutionProperties) = preSolution
		HideSolutionNode = FALSE
	EndGlobalSection
	GlobalSection(ExtensibilityGlobals) = postSolution
		SolutionGuid = {86C384E1-E1C1-4801-92CD-37250DA9611F}
	EndGlobalSection
EndGlobal
